
Microsoft Visual Studio Solution File, Format Version 12.00
# Visual Studio Version 17
VisualStudioVersion = 17.0.31903.59
MinimumVisualStudioVersion = 10.0.40219.1
Project("{2150E333-8FDC-42A3-9474-1A3956D46DE8}") = "src", "src", "{827E0CD3-B72D-47B6-A68D-7590B98EB39B}"
EndProject
Project("{FAE04EC0-301F-11D3-BF4B-00C04F79EFBC}") = "LatticeForge.Api", "src\LatticeForge.Api\LatticeForge.Api.csproj", "{E04D4223-84C9-4F72-AA23-9AFAC2ED67B1}"
EndProject
Project("{2150E333-8FDC-42A3-9474-1A3956D46DE8}") = "tests", "tests", "{0AB3BF05-4346-4AA6-1389-037BE0695223}"
EndProject
Project("{FAE04EC0-301F-11D3-BF4B-00C04F79EFBC}") = "LatticeForge.Api.Tests", "tests\LatticeForge.Api.Tests\LatticeForge.Api.Tests.csproj", "{412E40FB-F751-408E-AB7E-C9BC9EE8F747}"
EndProject
Project("{FAE04EC0-301F-11D3-BF4B-00C04F79EFBC}") = "LatticeForge.Domain", "src\LatticeForge.Domain\LatticeForge.Domain.csproj", "{EBE5A4F8-1657-4341-B286-0CA07CBC34B7}"
EndProject
Project("{FAE04EC0-301F-11D3-BF4B-00C04F79EFBC}") = "LatticeForge.Services", "src\LatticeForge.Services\LatticeForge.Services.csproj", "{BE08A271-2FEB-4BCB-9A40-C9B7EF63C10B}"
EndProject
Project("{FAE04EC0-301F-11D3-BF4B-00C04F79EFBC}") = "LatticeForge.UseCase", "src\LatticeForge.UseCase\LatticeForge.UseCase.csproj", "{F8F21AB2-034F-414F-9BF3-1A4DED148127}"
EndProject
Project("{FAE04EC0-301F-11D3-BF4B-00C04F79EFBC}") = "LatticeForge.Infrastructure", "src\LatticeForge.Infrastructure\LatticeForge.Infrastructure.csproj", "{8D427382-0C86-4FC9-8A1C-4907E0511B84}"
EndProject
Global
	GlobalSection(SolutionConfigurationPlatforms) = preSolution
		Debug|Any CPU = Debug|Any CPU
		Debug|x64 = Debug|x64
		Debug|x86 = Debug|x86
		Release|Any CPU = Release|Any CPU
		Release|x64 = Release|x64
		Release|x86 = Release|x86
	EndGlobalSection
	GlobalSection(ProjectConfigurationPlatforms) = postSolution
		{E04D4223-84C9-4F72-AA23-9AFAC2ED67B1}.Debug|Any CPU.ActiveCfg = Debug|Any CPU
		{E04D4223-84C9-4F72-AA23-9AFAC2ED67B1}.Debug|Any CPU.Build.0 = Debug|Any CPU
		{E04D4223-84C9-4F72-AA23-9AFAC2ED67B1}.Debug|x64.ActiveCfg = Debug|Any CPU
		{E04D4223-84C9-4F72-AA23-9AFAC2ED67B1}.Debug|x64.Build.0 = Debug|Any CPU
		{E04D4223-84C9-4F72-AA23-9AFAC2ED67B1}.Debug|x86.ActiveCfg = Debug|Any CPU
		{E04D4223-84C9-4F72-AA23-9AFAC2ED67B1}.Debug|x86.Build.0 = Debug|Any CPU
		{E04D4223-84C9-4F72-AA23-9AFAC2ED67B1}.Release|Any CPU.ActiveCfg = Release|Any CPU
		{E04D4223-84C9-4F72-AA23-9AFAC2ED67B1}.Release|Any CPU.Build.0 = Release|Any CPU
		{E04D4223-84C9-4F72-AA23-9AFAC2ED67B1}.Release|x64.ActiveCfg = Release|Any CPU
		{E04D4223-84C9-4F72-AA23-9AFAC2ED67B1}.Release|x64.Build.0 = Release|Any CPU
		{E04D4223-84C9-4F72-AA23-9AFAC2ED67B1}.Release|x86.ActiveCfg = Release|Any CPU
		{E04D4223-84C9-4F72-AA23-9AFAC2ED67B1}.Release|x86.Build.0 = Release|Any CPU
		{412E40FB-F751-408E-AB7E-C9BC9EE8F747}.Debug|Any CPU.ActiveCfg = Debug|Any CPU
		{412E40FB-F751-408E-AB7E-C9BC9EE8F747}.Debug|Any CPU.Build.0 = Debug|Any CPU
		{412E40FB-F751-408E-AB7E-C9BC9EE8F747}.Debug|x64.ActiveCfg = Debug|Any CPU
		{412E40FB-F751-408E-AB7E-C9BC9EE8F747}.Debug|x64.Build.0 = Debug|Any CPU
		{412E40FB-F751-408E-AB7E-C9BC9EE8F747}.Debug|x86.ActiveCfg = Debug|Any CPU
		{412E40FB-F751-408E-AB7E-C9BC9EE8F747}.Debug|x86.Build.0 = Debug|Any CPU
		{412E40FB-F751-408E-AB7E-C9BC9EE8F747}.Release|Any CPU.ActiveCfg = Release|Any CPU
		{412E40FB-F751-408E-AB7E-C9BC9EE8F747}.Release|Any CPU.Build.0 = Release|Any CPU
		{412E40FB-F751-408E-AB7E-C9BC9EE8F747}.Release|x64.ActiveCfg = Release|Any CPU
		{412E40FB-F751-408E-AB7E-C9BC9EE8F747}.Release|x64.Build.0 = Release|Any CPU
		{412E40FB-F751-408E-AB7E-C9BC9EE8F747}.Release|x86.ActiveCfg = Release|Any CPU
		{412E40FB-F751-408E-AB7E-C9BC9EE8F747}.Release|x86.Build.0 = Release|Any CPU
		{EBE5A4F8-1657-4341-B286-0CA07CBC34B7}.Debug|Any CPU.ActiveCfg = Debug|Any CPU
		{EBE5A4F8-1657-4341-B286-0CA07CBC34B7}.Debug|Any CPU.Build.0 = Debug|Any CPU
		{EBE5A4F8-1657-4341-B286-0CA07CBC34B7}.Debug|x64.ActiveCfg = Debug|Any CPU
		{EBE5A4F8-1657-4341-B286-0CA07CBC34B7}.Debug|x64.Build.0 = Debug|Any CPU
		{EBE5A4F8-1657-4341-B286-0CA07CBC34B7}.Debug|x86.ActiveCfg = Debug|Any CPU
		{EBE5A4F8-1657-4341-B286-0CA07CBC34B7}.Debug|x86.Build.0 = Debug|Any CPU
		{EBE5A4F8-1657-4341-B286-0CA07CBC34B7}.Release|Any CPU.ActiveCfg = Release|Any CPU
		{EBE5A4F8-1657-4341-B286-0CA07CBC34B7}.Release|Any CPU.Build.0 = Release|Any CPU
		{EBE5A4F8-1657-4341-B286-0CA07CBC34B7}.Release|x64.ActiveCfg = Release|Any CPU
		{EBE5A4F8-1657-4341-B286-0CA07CBC34B7}.Release|x64.Build.0 = Release|Any CPU
		{EBE5A4F8-1657-4341-B286-0CA07CBC34B7}.Release|x86.ActiveCfg = Release|Any CPU
		{EBE5A4F8-1657-4341-B286-0CA07CBC34B7}.Release|x86.Build.0 = Release|Any CPU
		{BE08A271-2FEB-4BCB-9A40-C9B7EF63C10B}.Debug|Any CPU.ActiveCfg = Debug|Any CPU
		{BE08A271-2FEB-4BCB-9A40-C9B7EF63C10B}.Debug|Any CPU.Build.0 = Debug|Any CPU
		{BE08A271-2FEB-4BCB-9A40-C9B7EF63C10B}.Debug|x64.ActiveCfg = Debug|Any CPU
		{BE08A271-2FEB-4BCB-9A40-C9B7EF63C10B}.Debug|x64.Build.0 = Debug|Any CPU
		{BE08A271-2FEB-4BCB-9A40-C9B7EF63C10B}.Debug|x86.ActiveCfg = Debug|Any CPU
		{BE08A271-2FEB-4BCB-9A40-C9B7EF63C10B}.Debug|x86.Build.0 = Debug|Any CPU
		{BE08A271-2FEB-4BCB-9A40-C9B7EF63C10B}.Release|Any CPU.ActiveCfg = Release|Any CPU
		{BE08A271-2FEB-4BCB-9A40-C9B7EF63C10B}.Release|Any CPU.Build.0 = Release|Any CPU
		{BE08A271-2FEB-4BCB-9A40-C9B7EF63C10B}.Release|x64.ActiveCfg = Release|Any CPU
		{BE08A271-2FEB-4BCB-9A40-C9B7EF63C10B}.Release|x64.Build.0 = Release|Any CPU
		{BE08A271-2FEB-4BCB-9A40-C9B7EF63C10B}.Release|x86.ActiveCfg = Release|Any CPU
		{BE08A271-2FEB-4BCB-9A40-C9B7EF63C10B}.Release|x86.Build.0 = Release|Any CPU
		{F8F21AB2-034F-414F-9BF3-1A4DED148127}.Debug|Any CPU.ActiveCfg = Debug|Any CPU
		{F8F21AB2-034F-414F-9BF3-1A4DED148127}.Debug|Any CPU.Build.0 = Debug|Any CPU
		{F8F21AB2-034F-414F-9BF3-1A4DED148127}.Debug|x64.ActiveCfg = Debug|Any CPU
		{F8F21AB2-034F-414F-9BF3-1A4DED148127}.Debug|x64.Build.0 = Debug|Any CPU
		{F8F21AB2-034F-414F-9BF3-1A4DED148127}.Debug|x86.ActiveCfg = Debug|Any CPU
		{F8F21AB2-034F-414F-9BF3-1A4DED148127}.Debug|x86.Build.0 = Debug|Any CPU
		{F8F21AB2-034F-414F-9BF3-1A4DED148127}.Release|Any CPU.ActiveCfg = Release|Any CPU
		{F8F21AB2-034F-414F-9BF3-1A4DED148127}.Release|Any CPU.Build.0 = Release|Any CPU
		{F8F21AB2-034F-414F-9BF3-1A4DED148127}.Release|x64.ActiveCfg = Release|Any CPU
		{F8F21AB2-034F-414F-9BF3-1A4DED148127}.Release|x64.Build.0 = Release|Any CPU
		{F8F21AB2-034F-414F-9BF3-1A4DED148127}.Release|x86.ActiveCfg = Release|Any CPU
		{F8F21AB2-034F-414F-9BF3-1A4DED148127}.Release|x86.Build.0 = Release|Any CPU
		{8D427382-0C86-4FC9-8A1C-4907E0511B84}.Debug|Any CPU.ActiveCfg = Debug|Any CPU
		{8D427382-0C86-4FC9-8A1C-4907E0511B84}.Debug|Any CPU.Build.0 = Debug|Any CPU
		{8D427382-0C86-4FC9-8A1C-4907E0511B84}.Debug|x64.ActiveCfg = Debug|Any CPU
		{8D427382-0C86-4FC9-8A1C-4907E0511B84}.Debug|x64.Build.0 = Debug|Any CPU
		{8D427382-0C86-4FC9-8A1C-4907E0511B84}.Debug|x86.ActiveCfg = Debug|Any CPU
		{8D427382-0C86-4FC9-8A1C-4907E0511B84}.Debug|x86.Build.0 = Debug|Any CPU
		{8D427382-0C86-4FC9-8A1C-4907E0511B84}.Release|Any CPU.ActiveCfg = Release|Any CPU
		{8D427382-0C86-4FC9-8A1C-4907E0511B84}.Release|Any CPU.Build.0 = Release|Any CPU
		{8D427382-0C86-4FC9-8A1C-4907E0511B84}.Release|x64.ActiveCfg = Release|Any CPU
		{8D427382-0C86-4FC9-8A1C-4907E0511B84}.Release|x64.Build.0 = Release|Any CPU
		{8D427382-0C86-4FC9-8A1C-4907E0511B84}.Release|x86.ActiveCfg = Release|Any CPU
		{8D427382-0C86-4FC9-8A1C-4907E0511B84}.Release|x86.Build.0 = Release|Any CPU
	EndGlobalSection
	GlobalSection(SolutionProperties) = preSolution
		HideSolutionNode = FALSE
	EndGlobalSection
	GlobalSection(NestedProjects) = preSolution
		{E04D4223-84C9-4F72-AA23-9AFAC2ED67B1} = {827E0CD3-B72D-47B6-A68D-7590B98EB39B}
		{412E40FB-F751-408E-AB7E-C9BC9EE8F747} = {0AB3BF05-4346-4AA6-1389-037BE0695223}
		{EBE5A4F8-1657-4341-B286-0CA07CBC34B7} = {827E0CD3-B72D-47B6-A68D-7590B98EB39B}
		{BE08A271-2FEB-4BCB-9A40-C9B7EF63C10B} = {827E0CD3-B72D-47B6-A68D-7590B98EB39B}
		{F8F21AB2-034F-414F-9BF3-1A4DED148127} = {827E0CD3-B72D-47B6-A68D-7590B98EB39B}
		{8D427382-0C86-4FC9-8A1C-4907E0511B84} = {827E0CD3-B72D-47B6-A68D-7590B98EB39B}
	EndGlobalSection
EndGlobal
